# This file is automatically @generated by Cargo.
# It is not intended for manual editing.
version = 4

[[package]]
name = "cstr_core"
version = "0.1.2"
source = "registry+https://github.com/rust-lang/crates.io-index"
checksum = "6ebe7158ee57e848621d24d0ed87910edb97639cb94ad9977edf440e31226035"
dependencies = [
 "cty 0.1.5",
 "memchr",
]

[[package]]
name = "cstr_core"
version = "0.2.6"
source = "registry+https://github.com/rust-lang/crates.io-index"
checksum = "dd98742e4fdca832d40cab219dc2e3048de17d873248f83f17df47c1bea70956"
dependencies = [
 "cty 0.2.2",
 "memchr",
]

[[package]]
name = "cty"
version = "0.1.5"
source = "registry+https://github.com/rust-lang/crates.io-index"
checksum = "c4e1d41c471573612df00397113557693b5bf5909666a8acb253930612b93312"

[[package]]
name = "cty"
version = "0.2.2"
source = "registry+https://github.com/rust-lang/crates.io-index"
checksum = "b365fabc795046672053e29c954733ec3b05e4be654ab130fe8f1f94d7051f35"

[[package]]
name = "embedded-ffi"
version = "0.1.2"
source = "registry+https://github.com/rust-lang/crates.io-index"
checksum = "fd14f599e42fab407e90a1f197f0e41a180fa7cfffa1983fe9b15e31f5b30f32"
dependencies = [
 "cstr_core 0.1.2",
]

[[package]]
name = "memchr"
version = "2.7.4"
source = "registry+https://github.com/rust-lang/crates.io-index"
checksum = "78ca9ab1a0babb1e7d5695e3530886289c18cf2f87ec19a575a0abdce112e3a3"

[[package]]
name = "ndless"
version = "0.8.8"
source = "registry+https://github.com/rust-lang/crates.io-index"
checksum = "21e7add6c1b8b405e7755bb5f91dc15098d0c9d40a84111a1973b999280691d4"
dependencies = [
 "cstr_core 0.2.6",
 "cty 0.2.2",
 "embedded-ffi",
 "ndless-macros",
 "ndless-static-vars",
 "ndless-sys",
]

[[package]]
name = "ndless-handler"
version = "0.3.0"
source = "registry+https://github.com/rust-lang/crates.io-index"
checksum = "bbbf008f773cc72d5fcdab55d07ec4e81e543243905dd3276c17579b0c9d6468"
dependencies = [
 "cty 0.2.2",
 "ndless",
 "ndless-sys",
]

[[package]]
name = "ndless-macros"
version = "0.4.0"
source = "registry+https://github.com/rust-lang/crates.io-index"
checksum = "5e85690a54ad1a967e402b0c3f1def10fb77654ba8225da5a394f2fe62eb275c"
dependencies = [
 "cty 0.1.5",
 "ndless-static-vars",
 "proc-macro2",
 "quote",
 "syn",
]

[[package]]
name = "ndless-static-vars"
version = "2.1.0"
source = "registry+https://github.com/rust-lang/crates.io-index"
checksum = "8a79eb8c316aaa16a603b30b1029954cfefb7fdee709d9e0f3ec1473cdf52d5f"
dependencies = [
 "cty 0.2.2",
]

[[package]]
name = "ndless-sys"
version = "0.2.0"
source = "registry+https://github.com/rust-lang/crates.io-index"
checksum = "0420fb0a8dd269e7b48b21367650ae9a849bc5ad224b92d2fc511ea251a056c7"
dependencies = [
 "cty 0.2.2",
]

[[package]]
name = "ntradeadvanced"
version = "0.1.0"
dependencies = [
 "ndless",
 "ndless-handler",
]

[[package]]
name = "proc-macro2"
version = "1.0.94"
source = "registry+https://github.com/rust-lang/crates.io-index"
checksum = "a31971752e70b8b2686d7e46ec17fb38dad4051d94024c88df49b667caea9c84"
dependencies = [
 "unicode-ident",
]

[[package]]
name = "quote"
version = "1.0.40"
source = "registry+https://github.com/rust-lang/crates.io-index"
checksum = "1885c039570dc00dcb4ff087a89e185fd56bae234ddc7f056a945bf36467248d"
dependencies = [
 "proc-macro2",
]

[[package]]
name = "syn"
version = "1.0.109"
source = "registry+https://github.com/rust-lang/crates.io-index"
checksum = "72b64191b275b66ffe2469e8af2c1cfe3bafa67b529ead792a6d0160888b4237"
dependencies = [
 "proc-macro2",
 "quote",
 "unicode-ident",
]

[[package]]
name = "unicode-ident"
version = "1.0.18"
source = "registry+https://github.com/rust-lang/crates.io-index"
checksum = "5a5f39404a5da50712a4c1eecf25e90dd62b613502b7e925fd4e4d19b5c96512"
